
Microsoft Visual Studio Solution File, Format Version 12.00
# Visual Studio Version 17
VisualStudioVersion = 17.13.35806.99
MinimumVisualStudioVersion = 10.0.40219.1
Project("{FAE04EC0-301F-11D3-BF4B-00C04F79EFBC}") = "VSIXProject2", "VSIXProject2\VSIXProject2.csproj", "{E612A091-1F8E-4435-BA9C-F3BE988170DC}"
EndProject
Project("{FAE04EC0-301F-11D3-BF4B-00C04F79EFBC}") = "ConsoleApp3", "ConsoleApp3\ConsoleApp3.csproj", "{616055AA-47B0-41E2-88C5-BDECF143116A}"
EndProject
Global
	GlobalSection(SolutionConfigurationPlatforms) = preSolution
		Debug|Any CPU = Debug|Any CPU
		Debug|arm64 = Debug|arm64
		Debug|x86 = Debug|x86
		Release|Any CPU = Release|Any CPU
		Release|arm64 = Release|arm64
		Release|x86 = Release|x86
	EndGlobalSection
	GlobalSection(ProjectConfigurationPlatforms) = postSolution
		{E612A091-1F8E-4435-BA9C-F3BE988170DC}.Debug|Any CPU.ActiveCfg = Debug|Any CPU
		{E612A091-1F8E-4435-BA9C-F3BE988170DC}.Debug|Any CPU.Build.0 = Debug|Any CPU
		{E612A091-1F8E-4435-BA9C-F3BE988170DC}.Debug|arm64.ActiveCfg = Debug|arm64
		{E612A091-1F8E-4435-BA9C-F3BE988170DC}.Debug|arm64.Build.0 = Debug|arm64
		{E612A091-1F8E-4435-BA9C-F3BE988170DC}.Debug|x86.ActiveCfg = Debug|x86
		{E612A091-1F8E-4435-BA9C-F3BE988170DC}.Debug|x86.Build.0 = Debug|x86
		{E612A091-1F8E-4435-BA9C-F3BE988170DC}.Release|Any CPU.ActiveCfg = Release|Any CPU
		{E612A091-1F8E-4435-BA9C-F3BE988170DC}.Release|Any CPU.Build.0 = Release|Any CPU
		{E612A091-1F8E-4435-BA9C-F3BE988170DC}.Release|arm64.ActiveCfg = Release|arm64
		{E612A091-1F8E-4435-BA9C-F3BE988170DC}.Release|arm64.Build.0 = Release|arm64
		{E612A091-1F8E-4435-BA9C-F3BE988170DC}.Release|x86.ActiveCfg = Release|x86
		{E612A091-1F8E-4435-BA9C-F3BE988170DC}.Release|x86.Build.0 = Release|x86
		{616055AA-47B0-41E2-88C5-BDECF143116A}.Debug|Any CPU.ActiveCfg = Debug|Any CPU
		{616055AA-47B0-41E2-88C5-BDECF143116A}.Debug|Any CPU.Build.0 = Debug|Any CPU
		{616055AA-47B0-41E2-88C5-BDECF143116A}.Debug|arm64.ActiveCfg = Debug|Any CPU
		{616055AA-47B0-41E2-88C5-BDECF143116A}.Debug|arm64.Build.0 = Debug|Any CPU
		{616055AA-47B0-41E2-88C5-BDECF143116A}.Debug|x86.ActiveCfg = Debug|Any CPU
		{616055AA-47B0-41E2-88C5-BDECF143116A}.Debug|x86.Build.0 = Debug|Any CPU
		{616055AA-47B0-41E2-88C5-BDECF143116A}.Release|Any CPU.ActiveCfg = Release|Any CPU
		{616055AA-47B0-41E2-88C5-BDECF143116A}.Release|Any CPU.Build.0 = Release|Any CPU
		{616055AA-47B0-41E2-88C5-BDECF143116A}.Release|arm64.ActiveCfg = Release|Any CPU
		{616055AA-47B0-41E2-88C5-BDECF143116A}.Release|arm64.Build.0 = Release|Any CPU
		{616055AA-47B0-41E2-88C5-BDECF143116A}.Release|x86.ActiveCfg = Release|Any CPU
		{616055AA-47B0-41E2-88C5-BDECF143116A}.Release|x86.Build.0 = Release|Any CPU
	EndGlobalSection
	GlobalSection(SolutionProperties) = preSolution
		HideSolutionNode = FALSE
	EndGlobalSection
	GlobalSection(ExtensibilityGlobals) = postSolution
		SolutionGuid = {6B6C7214-0274-4BA7-B56E-28E3824F10BD}
	EndGlobalSection
EndGlobal
